
Microsoft Visual Studio Solution File, Format Version 12.00
# Visual Studio 15
VisualStudioVersion = 15.0.28307.438
MinimumVisualStudioVersion = 10.0.40219.1
Project("{FAE04EC0-301F-11D3-BF4B-00C04F79EFBC}") = "Website", "Website\Website.csproj", "{930F70B3-28F8-417C-8BD5-BDC7D4F2A577}"
EndProject
Global
	GlobalSection(SolutionConfigurationPlatforms) = preSolution
		Debug|Any CPU = Debug|Any CPU
		Release|Any CPU = Release|Any CPU
	EndGlobalSection
	GlobalSection(ProjectConfigurationPlatforms) = postSolution
		{930F70B3-28F8-417C-8BD5-BDC7D4F2A577}.Debug|Any CPU.ActiveCfg = Debug|Any CPU
		{930F70B3-28F8-417C-8BD5-BDC7D4F2A577}.Debug|Any CPU.Build.0 = Debug|Any CPU
		{930F70B3-28F8-417C-8BD5-BDC7D4F2A577}.Release|Any CPU.ActiveCfg = Release|Any CPU
		{930F70B3-28F8-417C-8BD5-BDC7D4F2A577}.Release|Any CPU.Build.0 = Release|Any CPU
	EndGlobalSection
	GlobalSection(SolutionProperties) = preSolution
		HideSolutionNode = FALSE
	EndGlobalSection
	GlobalSection(ExtensibilityGlobals) = postSolution
		SolutionGuid = {2A9BC80A-3700-4DCE-9583-8B588AE4E8B6}
	EndGlobalSection
EndGlobal
